
Microsoft Visual Studio Solution File, Format Version 12.00
# Visual Studio Version 17
VisualStudioVersion = 17.2.32505.173
MinimumVisualStudioVersion = 10.0.40219.1
Project("{FAE04EC0-301F-11D3-BF4B-00C04F79EFBC}") = "Ej05.Android", "Ej05\Ej05.Android\Ej05.Android.csproj", "{E32A07C9-EB8F-4573-B790-B8C5A2BD70A4}"
EndProject
Project("{FAE04EC0-301F-11D3-BF4B-00C04F79EFBC}") = "Ej05.iOS", "Ej05\Ej05.iOS\Ej05.iOS.csproj", "{6BBA60AA-31FF-42E7-BB38-684E420AF2C4}"
EndProject
Project("{FAE04EC0-301F-11D3-BF4B-00C04F79EFBC}") = "Ej05", "Ej05\Ej05\Ej05.csproj", "{F42A09E0-8182-44A8-93EF-0EAE1090C224}"
EndProject
Global
	GlobalSection(SolutionConfigurationPlatforms) = preSolution
		Debug|Any CPU = Debug|Any CPU
		Debug|iPhone = Debug|iPhone
		Debug|iPhoneSimulator = Debug|iPhoneSimulator
		Release|Any CPU = Release|Any CPU
		Release|iPhone = Release|iPhone
		Release|iPhoneSimulator = Release|iPhoneSimulator
	EndGlobalSection
	GlobalSection(ProjectConfigurationPlatforms) = postSolution
		{E32A07C9-EB8F-4573-B790-B8C5A2BD70A4}.Debug|Any CPU.ActiveCfg = Debug|Any CPU
		{E32A07C9-EB8F-4573-B790-B8C5A2BD70A4}.Debug|Any CPU.Build.0 = Debug|Any CPU
		{E32A07C9-EB8F-4573-B790-B8C5A2BD70A4}.Debug|Any CPU.Deploy.0 = Debug|Any CPU
		{E32A07C9-EB8F-4573-B790-B8C5A2BD70A4}.Debug|iPhone.ActiveCfg = Debug|Any CPU
		{E32A07C9-EB8F-4573-B790-B8C5A2BD70A4}.Debug|iPhone.Build.0 = Debug|Any CPU
		{E32A07C9-EB8F-4573-B790-B8C5A2BD70A4}.Debug|iPhone.Deploy.0 = Debug|Any CPU
		{E32A07C9-EB8F-4573-B790-B8C5A2BD70A4}.Debug|iPhoneSimulator.ActiveCfg = Debug|Any CPU
		{E32A07C9-EB8F-4573-B790-B8C5A2BD70A4}.Debug|iPhoneSimulator.Build.0 = Debug|Any CPU
		{E32A07C9-EB8F-4573-B790-B8C5A2BD70A4}.Debug|iPhoneSimulator.Deploy.0 = Debug|Any CPU
		{E32A07C9-EB8F-4573-B790-B8C5A2BD70A4}.Release|Any CPU.ActiveCfg = Release|Any CPU
		{E32A07C9-EB8F-4573-B790-B8C5A2BD70A4}.Release|Any CPU.Build.0 = Release|Any CPU
		{E32A07C9-EB8F-4573-B790-B8C5A2BD70A4}.Release|Any CPU.Deploy.0 = Release|Any CPU
		{E32A07C9-EB8F-4573-B790-B8C5A2BD70A4}.Release|iPhone.ActiveCfg = Release|Any CPU
		{E32A07C9-EB8F-4573-B790-B8C5A2BD70A4}.Release|iPhone.Build.0 = Release|Any CPU
		{E32A07C9-EB8F-4573-B790-B8C5A2BD70A4}.Release|iPhone.Deploy.0 = Release|Any CPU
		{E32A07C9-EB8F-4573-B790-B8C5A2BD70A4}.Release|iPhoneSimulator.ActiveCfg = Release|Any CPU
		{E32A07C9-EB8F-4573-B790-B8C5A2BD70A4}.Release|iPhoneSimulator.Build.0 = Release|Any CPU
		{E32A07C9-EB8F-4573-B790-B8C5A2BD70A4}.Release|iPhoneSimulator.Deploy.0 = Release|Any CPU
		{6BBA60AA-31FF-42E7-BB38-684E420AF2C4}.Debug|Any CPU.ActiveCfg = Debug|iPhone
		{6BBA60AA-31FF-42E7-BB38-684E420AF2C4}.Debug|Any CPU.Build.0 = Debug|iPhone
		{6BBA60AA-31FF-42E7-BB38-684E420AF2C4}.Debug|Any CPU.Deploy.0 = Debug|iPhone
		{6BBA60AA-31FF-42E7-BB38-684E420AF2C4}.Debug|iPhone.ActiveCfg = Debug|iPhone
		{6BBA60AA-31FF-42E7-BB38-684E420AF2C4}.Debug|iPhone.Build.0 = Debug|iPhone
		{6BBA60AA-31FF-42E7-BB38-684E420AF2C4}.Debug|iPhone.Deploy.0 = Debug|iPhone
		{6BBA60AA-31FF-42E7-BB38-684E420AF2C4}.Debug|iPhoneSimulator.ActiveCfg = Debug|iPhoneSimulator
		{6BBA60AA-31FF-42E7-BB38-684E420AF2C4}.Debug|iPhoneSimulator.Build.0 = Debug|iPhoneSimulator
		{6BBA60AA-31FF-42E7-BB38-684E420AF2C4}.Debug|iPhoneSimulator.Deploy.0 = Debug|iPhoneSimulator
		{6BBA60AA-31FF-42E7-BB38-684E420AF2C4}.Release|Any CPU.ActiveCfg = Release|iPhoneSimulator
		{6BBA60AA-31FF-42E7-BB38-684E420AF2C4}.Release|Any CPU.Build.0 = Release|iPhoneSimulator
		{6BBA60AA-31FF-42E7-BB38-684E420AF2C4}.Release|Any CPU.Deploy.0 = Release|iPhoneSimulator
		{6BBA60AA-31FF-42E7-BB38-684E420AF2C4}.Release|iPhone.ActiveCfg = Release|iPhone
		{6BBA60AA-31FF-42E7-BB38-684E420AF2C4}.Release|iPhone.Build.0 = Release|iPhone
		{6BBA60AA-31FF-42E7-BB38-684E420AF2C4}.Release|iPhone.Deploy.0 = Release|iPhone
		{6BBA60AA-31FF-42E7-BB38-684E420AF2C4}.Release|iPhoneSimulator.ActiveCfg = Release|iPhoneSimulator
		{6BBA60AA-31FF-42E7-BB38-684E420AF2C4}.Release|iPhoneSimulator.Build.0 = Release|iPhoneSimulator
		{6BBA60AA-31FF-42E7-BB38-684E420AF2C4}.Release|iPhoneSimulator.Deploy.0 = Release|iPhoneSimulator
		{F42A09E0-8182-44A8-93EF-0EAE1090C224}.Debug|Any CPU.ActiveCfg = Debug|Any CPU
		{F42A09E0-8182-44A8-93EF-0EAE1090C224}.Debug|Any CPU.Build.0 = Debug|Any CPU
		{F42A09E0-8182-44A8-93EF-0EAE1090C224}.Debug|Any CPU.Deploy.0 = Debug|Any CPU
		{F42A09E0-8182-44A8-93EF-0EAE1090C224}.Debug|iPhone.ActiveCfg = Debug|Any CPU
		{F42A09E0-8182-44A8-93EF-0EAE1090C224}.Debug|iPhone.Build.0 = Debug|Any CPU
		{F42A09E0-8182-44A8-93EF-0EAE1090C224}.Debug|iPhone.Deploy.0 = Debug|Any CPU
		{F42A09E0-8182-44A8-93EF-0EAE1090C224}.Debug|iPhoneSimulator.ActiveCfg = Debug|Any CPU
		{F42A09E0-8182-44A8-93EF-0EAE1090C224}.Debug|iPhoneSimulator.Build.0 = Debug|Any CPU
		{F42A09E0-8182-44A8-93EF-0EAE1090C224}.Debug|iPhoneSimulator.Deploy.0 = Debug|Any CPU
		{F42A09E0-8182-44A8-93EF-0EAE1090C224}.Release|Any CPU.ActiveCfg = Release|Any CPU
		{F42A09E0-8182-44A8-93EF-0EAE1090C224}.Release|Any CPU.Build.0 = Release|Any CPU
		{F42A09E0-8182-44A8-93EF-0EAE1090C224}.Release|Any CPU.Deploy.0 = Release|Any CPU
		{F42A09E0-8182-44A8-93EF-0EAE1090C224}.Release|iPhone.ActiveCfg = Release|Any CPU
		{F42A09E0-8182-44A8-93EF-0EAE1090C224}.Release|iPhone.Build.0 = Release|Any CPU
		{F42A09E0-8182-44A8-93EF-0EAE1090C224}.Release|iPhone.Deploy.0 = Release|Any CPU
		{F42A09E0-8182-44A8-93EF-0EAE1090C224}.Release|iPhoneSimulator.ActiveCfg = Release|Any CPU
		{F42A09E0-8182-44A8-93EF-0EAE1090C224}.Release|iPhoneSimulator.Build.0 = Release|Any CPU
		{F42A09E0-8182-44A8-93EF-0EAE1090C224}.Release|iPhoneSimulator.Deploy.0 = Release|Any CPU
	EndGlobalSection
	GlobalSection(SolutionProperties) = preSolution
		HideSolutionNode = FALSE
	EndGlobalSection
	GlobalSection(ExtensibilityGlobals) = postSolution
		SolutionGuid = {1E200C69-09D5-4D8F-9FFC-531717A4FA2E}
	EndGlobalSection
EndGlobal
